
Microsoft Visual Studio Solution File, Format Version 10.00
# Visual Studio 2008
Project("{8BC9CEB8-8B4A-11D0-8D11-00A0C91BC942}") = "OGRE_example", "GumShot\GumShot.vcproj", "{D25DAAF4-A15E-4886-B69D-1F6213D2C2B3}"
EndProject
Global
	GlobalSection(SolutionConfigurationPlatforms) = preSolution
		Debug|Win32 = Debug|Win32
		Release|Win32 = Release|Win32
	EndGlobalSection
	GlobalSection(ProjectConfigurationPlatforms) = postSolution
		{D25DAAF4-A15E-4886-B69D-1F6213D2C2B3}.Debug|Win32.ActiveCfg = Debug|Win32
		{D25DAAF4-A15E-4886-B69D-1F6213D2C2B3}.Debug|Win32.Build.0 = Debug|Win32
		{D25DAAF4-A15E-4886-B69D-1F6213D2C2B3}.Release|Win32.ActiveCfg = Release|Win32
		{D25DAAF4-A15E-4886-B69D-1F6213D2C2B3}.Release|Win32.Build.0 = Release|Win32
	EndGlobalSection
	GlobalSection(SolutionProperties) = preSolution
		HideSolutionNode = FALSE
	EndGlobalSection
EndGlobal
